
Microsoft Visual Studio Solution File, Format Version 12.00
# Visual Studio Version 16
VisualStudioVersion = 16.0.30621.155
MinimumVisualStudioVersion = 10.0.40219.1
Project("{9A19103F-16F7-4668-BE54-9A1E7A4F7556}") = "Planeminator.DesktopApp", "Planeminator.DesktopApp\Planeminator.DesktopApp.csproj", "{A1DC07C5-AA1A-4DB5-91E0-BE064B448FBE}"
EndProject
Project("{9A19103F-16F7-4668-BE54-9A1E7A4F7556}") = "Planeminator.Domain", "Planeminator.Domain\Planeminator.Domain.csproj", "{9ECEB72E-2C46-4490-8BC6-5B7F7041FE20}"
EndProject
Project("{9A19103F-16F7-4668-BE54-9A1E7A4F7556}") = "Planeminator.DataIO", "Planeminator.DataIO\Planeminator.DataIO.csproj", "{45E170B6-F25B-483A-9C2E-7C9E9F415392}"
EndProject
Project("{FAE04EC0-301F-11D3-BF4B-00C04F79EFBC}") = "Planeminator.Algorithm", "Planeminator.Algorithm\Planeminator.Algorithm.csproj", "{5C1E042F-80A8-40EA-B972-3D71713316D5}"
EndProject
Project("{FAE04EC0-301F-11D3-BF4B-00C04F79EFBC}") = "Planeminator.DesktopApp.Core", "Planeminator.DesktopApp.Core\Planeminator.DesktopApp.Core.csproj", "{5EF3A4F8-348E-4D1E-93D9-1C353CBD8EF8}"
EndProject
Global
	GlobalSection(SolutionConfigurationPlatforms) = preSolution
		Debug|Any CPU = Debug|Any CPU
		Release|Any CPU = Release|Any CPU
	EndGlobalSection
	GlobalSection(ProjectConfigurationPlatforms) = postSolution
		{A1DC07C5-AA1A-4DB5-91E0-BE064B448FBE}.Debug|Any CPU.ActiveCfg = Debug|Any CPU
		{A1DC07C5-AA1A-4DB5-91E0-BE064B448FBE}.Debug|Any CPU.Build.0 = Debug|Any CPU
		{A1DC07C5-AA1A-4DB5-91E0-BE064B448FBE}.Release|Any CPU.ActiveCfg = Release|Any CPU
		{A1DC07C5-AA1A-4DB5-91E0-BE064B448FBE}.Release|Any CPU.Build.0 = Release|Any CPU
		{9ECEB72E-2C46-4490-8BC6-5B7F7041FE20}.Debug|Any CPU.ActiveCfg = Debug|Any CPU
		{9ECEB72E-2C46-4490-8BC6-5B7F7041FE20}.Debug|Any CPU.Build.0 = Debug|Any CPU
		{9ECEB72E-2C46-4490-8BC6-5B7F7041FE20}.Release|Any CPU.ActiveCfg = Release|Any CPU
		{9ECEB72E-2C46-4490-8BC6-5B7F7041FE20}.Release|Any CPU.Build.0 = Release|Any CPU
		{45E170B6-F25B-483A-9C2E-7C9E9F415392}.Debug|Any CPU.ActiveCfg = Debug|Any CPU
		{45E170B6-F25B-483A-9C2E-7C9E9F415392}.Debug|Any CPU.Build.0 = Debug|Any CPU
		{45E170B6-F25B-483A-9C2E-7C9E9F415392}.Release|Any CPU.ActiveCfg = Release|Any CPU
		{45E170B6-F25B-483A-9C2E-7C9E9F415392}.Release|Any CPU.Build.0 = Release|Any CPU
		{5C1E042F-80A8-40EA-B972-3D71713316D5}.Debug|Any CPU.ActiveCfg = Debug|Any CPU
		{5C1E042F-80A8-40EA-B972-3D71713316D5}.Debug|Any CPU.Build.0 = Debug|Any CPU
		{5C1E042F-80A8-40EA-B972-3D71713316D5}.Release|Any CPU.ActiveCfg = Release|Any CPU
		{5C1E042F-80A8-40EA-B972-3D71713316D5}.Release|Any CPU.Build.0 = Release|Any CPU
		{5EF3A4F8-348E-4D1E-93D9-1C353CBD8EF8}.Debug|Any CPU.ActiveCfg = Debug|Any CPU
		{5EF3A4F8-348E-4D1E-93D9-1C353CBD8EF8}.Debug|Any CPU.Build.0 = Debug|Any CPU
		{5EF3A4F8-348E-4D1E-93D9-1C353CBD8EF8}.Release|Any CPU.ActiveCfg = Release|Any CPU
		{5EF3A4F8-348E-4D1E-93D9-1C353CBD8EF8}.Release|Any CPU.Build.0 = Release|Any CPU
	EndGlobalSection
	GlobalSection(SolutionProperties) = preSolution
		HideSolutionNode = FALSE
	EndGlobalSection
	GlobalSection(ExtensibilityGlobals) = postSolution
		SolutionGuid = {383FD319-F5AC-4F79-8651-8D8FB4FD5047}
	EndGlobalSection
EndGlobal
